<Solution>
  <Folder Name="/Solution Items/">
    <File Path=".editorconfig" />
  </Folder>
  <Folder Name="/src/">
    <Project Path="src/Gs1DigitalLink.Api/Gs1DigitalLink.Api.csproj" />
    <Project Path="src/Gs1DigitalLink.Core/Gs1DigitalLink.Core.csproj" />
  </Folder>
  <Folder Name="/test/">
    <Project Path="test/Gs1DigitalLink.Core.Tests/Gs1DigitalLink.Core.Tests.csproj" />
  </Folder>
</Solution>
